
Microsoft Visual Studio Solution File, Format Version 12.00
# Visual Studio Version 16
VisualStudioVersion = 16.0.30611.23
MinimumVisualStudioVersion = 10.0.40219.1
Project("{FAE04EC0-301F-11D3-BF4B-00C04F79EFBC}") = "ContactListApp", "ContactListApp.csproj", "{9F357646-B8EE-47C2-888D-0EA2E418DBFF}"
EndProject
Global
	GlobalSection(SolutionConfigurationPlatforms) = preSolution
		Debug|Any CPU = Debug|Any CPU
		Release|Any CPU = Release|Any CPU
	EndGlobalSection
	GlobalSection(ProjectConfigurationPlatforms) = postSolution
		{9F357646-B8EE-47C2-888D-0EA2E418DBFF}.Debug|Any CPU.ActiveCfg = Debug|Any CPU
		{9F357646-B8EE-47C2-888D-0EA2E418DBFF}.Debug|Any CPU.Build.0 = Debug|Any CPU
		{9F357646-B8EE-47C2-888D-0EA2E418DBFF}.Release|Any CPU.ActiveCfg = Release|Any CPU
		{9F357646-B8EE-47C2-888D-0EA2E418DBFF}.Release|Any CPU.Build.0 = Release|Any CPU
	EndGlobalSection
	GlobalSection(SolutionProperties) = preSolution
		HideSolutionNode = FALSE
	EndGlobalSection
	GlobalSection(ExtensibilityGlobals) = postSolution
		SolutionGuid = {88EDF691-39BB-4F8C-AD6E-1C1AC8E71351}
	EndGlobalSection
EndGlobal
